
Microsoft Visual Studio Solution File, Format Version 12.00
# Visual Studio Version 17
VisualStudioVersion = 17.14.36414.22
MinimumVisualStudioVersion = 10.0.40219.1
Project("{FAE04EC0-301F-11D3-BF4B-00C04F79EFBC}") = "ProductClientHub.API", "ProductClientHub.API\ProductClientHub.API.csproj", "{4C675140-4F2D-4601-95D6-07685EF87A49}"
EndProject
Project("{FAE04EC0-301F-11D3-BF4B-00C04F79EFBC}") = "ProductClientHub.Communication", "ProductClientHub.Communication\ProductClientHub.Communication.csproj", "{CCDBC237-C840-4765-B8F7-3264ED2086C0}"
EndProject
Project("{FAE04EC0-301F-11D3-BF4B-00C04F79EFBC}") = "ProductClientHub.Exceptions", "ProductClientHub.Exceptions\ProductClientHub.Exceptions.csproj", "{B267CAFD-A7F6-451A-90E5-8811C80EC42F}"
EndProject
Global
	GlobalSection(SolutionConfigurationPlatforms) = preSolution
		Debug|Any CPU = Debug|Any CPU
		Release|Any CPU = Release|Any CPU
	EndGlobalSection
	GlobalSection(ProjectConfigurationPlatforms) = postSolution
		{4C675140-4F2D-4601-95D6-07685EF87A49}.Debug|Any CPU.ActiveCfg = Debug|Any CPU
		{4C675140-4F2D-4601-95D6-07685EF87A49}.Debug|Any CPU.Build.0 = Debug|Any CPU
		{4C675140-4F2D-4601-95D6-07685EF87A49}.Release|Any CPU.ActiveCfg = Release|Any CPU
		{4C675140-4F2D-4601-95D6-07685EF87A49}.Release|Any CPU.Build.0 = Release|Any CPU
		{CCDBC237-C840-4765-B8F7-3264ED2086C0}.Debug|Any CPU.ActiveCfg = Debug|Any CPU
		{CCDBC237-C840-4765-B8F7-3264ED2086C0}.Debug|Any CPU.Build.0 = Debug|Any CPU
		{CCDBC237-C840-4765-B8F7-3264ED2086C0}.Release|Any CPU.ActiveCfg = Release|Any CPU
		{CCDBC237-C840-4765-B8F7-3264ED2086C0}.Release|Any CPU.Build.0 = Release|Any CPU
		{B267CAFD-A7F6-451A-90E5-8811C80EC42F}.Debug|Any CPU.ActiveCfg = Debug|Any CPU
		{B267CAFD-A7F6-451A-90E5-8811C80EC42F}.Debug|Any CPU.Build.0 = Debug|Any CPU
		{B267CAFD-A7F6-451A-90E5-8811C80EC42F}.Release|Any CPU.ActiveCfg = Release|Any CPU
		{B267CAFD-A7F6-451A-90E5-8811C80EC42F}.Release|Any CPU.Build.0 = Release|Any CPU
	EndGlobalSection
	GlobalSection(SolutionProperties) = preSolution
		HideSolutionNode = FALSE
	EndGlobalSection
	GlobalSection(ExtensibilityGlobals) = postSolution
		SolutionGuid = {D1110666-21EE-4BE1-8A19-66DA58146E53}
	EndGlobalSection
EndGlobal
